// !$*UTF8*$!
{
	archiveVersion = 1;
	classes = {
	};
	objectVersion = 50;
	objects = {

/* Begin PBXBuildFile section */
		54031C09214175AA0069F996 /* SwapViewPresenter.swift in Sources */ = {isa = PBXBuildFile; fileRef = 54031C08214175AA0069F996 /* SwapViewPresenter.swift */; };
		54031C0B214186660069F996 /* AnimationSpeedCell.xib in Resources */ = {isa = PBXBuildFile; fileRef = 54031C0A214186660069F996 /* AnimationSpeedCell.xib */; };
		54031C0E214187380069F996 /* AnimationSpeedCell.swift in Sources */ = {isa = PBXBuildFile; fileRef = 54031C0D214187380069F996 /* AnimationSpeedCell.swift */; };
		54031C1021418DF40069F996 /* CompareAnimation.swift in Sources */ = {isa = PBXBuildFile; fileRef = 54031C0F21418DF40069F996 /* CompareAnimation.swift */; };
		541DEBE121527270009845A1 /* PickValueCell.swift in Sources */ = {isa = PBXBuildFile; fileRef = 541DEBE021527270009845A1 /* PickValueCell.swift */; };
		541DEBE321527282009845A1 /* PickValueCell.xib in Resources */ = {isa = PBXBuildFile; fileRef = 541DEBE221527282009845A1 /* PickValueCell.xib */; };
		541DEBE52153C90C009845A1 /* Complexity.swift in Sources */ = {isa = PBXBuildFile; fileRef = 541DEBE42153C90C009845A1 /* Complexity.swift */; };
		541DEBE82153D1D4009845A1 /* Performance.swift in Sources */ = {isa = PBXBuildFile; fileRef = 541DEBE72153D1D4009845A1 /* Performance.swift */; };
		54609C16213320B8002489C0 /* AppDelegate.swift in Sources */ = {isa = PBXBuildFile; fileRef = 54609C15213320B8002489C0 /* AppDelegate.swift */; };
		54609C18213320B8002489C0 /* ViewController.swift in Sources */ = {isa = PBXBuildFile; fileRef = 54609C17213320B8002489C0 /* ViewController.swift */; };
		54609C1B213320B8002489C0 /* Main.storyboard in Resources */ = {isa = PBXBuildFile; fileRef = 54609C19213320B8002489C0 /* Main.storyboard */; };
		54609C1D213320C1002489C0 /* Assets.xcassets in Resources */ = {isa = PBXBuildFile; fileRef = 54609C1C213320C1002489C0 /* Assets.xcassets */; };
		54609C20213320C1002489C0 /* LaunchScreen.storyboard in Resources */ = {isa = PBXBuildFile; fileRef = 54609C1E213320C1002489C0 /* LaunchScreen.storyboard */; };
		548FFC0B2133330C00669920 /* SortingTypeCell.xib in Resources */ = {isa = PBXBuildFile; fileRef = 548FFC0A2133330C00669920 /* SortingTypeCell.xib */; };
		548FFC0D213333BD00669920 /* SortingTypeCell.swift in Sources */ = {isa = PBXBuildFile; fileRef = 548FFC0C213333BD00669920 /* SortingTypeCell.swift */; };
		548FFC0F21333C1200669920 /* SortingViewCell.xib in Resources */ = {isa = PBXBuildFile; fileRef = 548FFC0E21333C1200669920 /* SortingViewCell.xib */; };
		548FFC1121333CC100669920 /* SortingViewCell.swift in Sources */ = {isa = PBXBuildFile; fileRef = 548FFC1021333CC100669920 /* SortingViewCell.swift */; };
		548FFC1321333DCB00669920 /* SortingTableViewController.swift in Sources */ = {isa = PBXBuildFile; fileRef = 548FFC1221333DCB00669920 /* SortingTableViewController.swift */; };
		548FFC1521347DA300669920 /* SortingView.swift in Sources */ = {isa = PBXBuildFile; fileRef = 548FFC1421347DA300669920 /* SortingView.swift */; };
		548FFC172134A68900669920 /* SortingItem.swift in Sources */ = {isa = PBXBuildFile; fileRef = 548FFC162134A68900669920 /* SortingItem.swift */; };
		548FFC192134A7D100669920 /* Extensions.swift in Sources */ = {isa = PBXBuildFile; fileRef = 548FFC182134A7D100669920 /* Extensions.swift */; };
		54C024C22149BDB900F60E37 /* SortingAlgorithm.swift in Sources */ = {isa = PBXBuildFile; fileRef = 54C024C12149BDB900F60E37 /* SortingAlgorithm.swift */; };
		54C024C4214C1EA500F60E37 /* ComplexityDetailCell.swift in Sources */ = {isa = PBXBuildFile; fileRef = 54C024C3214C1EA500F60E37 /* ComplexityDetailCell.swift */; };
		54C024C6214C1EB900F60E37 /* ComplexityDetailCell.xib in Resources */ = {isa = PBXBuildFile; fileRef = 54C024C5214C1EB900F60E37 /* ComplexityDetailCell.xib */; };
		54C024C8214C4E4F00F60E37 /* ButtonCell.xib in Resources */ = {isa = PBXBuildFile; fileRef = 54C024C7214C4E4F00F60E37 /* ButtonCell.xib */; };
		54C024CA214C4F2100F60E37 /* ButtonCell.swift in Sources */ = {isa = PBXBuildFile; fileRef = 54C024C9214C4F2100F60E37 /* ButtonCell.swift */; };
		54C024CC214C54FA00F60E37 /* DescriptionCell.swift in Sources */ = {isa = PBXBuildFile; fileRef = 54C024CB214C54FA00F60E37 /* DescriptionCell.swift */; };
		54C024CE214C550900F60E37 /* DescriptionCell.xib in Resources */ = {isa = PBXBuildFile; fileRef = 54C024CD214C550900F60E37 /* DescriptionCell.xib */; };
		54C024D0214C57D700F60E37 /* SettingsTableViewController.swift in Sources */ = {isa = PBXBuildFile; fileRef = 54C024CF214C57D700F60E37 /* SettingsTableViewController.swift */; };
		54D0959B213329A400E02478 /* SortingTilesViewController.swift in Sources */ = {isa = PBXBuildFile; fileRef = 54D0959A213329A400E02478 /* SortingTilesViewController.swift */; };
		54D2AB85215AC61600CCD0F1 /* SortingViewModelItem.swift in Sources */ = {isa = PBXBuildFile; fileRef = 54D2AB84215AC61600CCD0F1 /* SortingViewModelItem.swift */; };
		54D2AB88215AC73300CCD0F1 /* SortingViewModelAnimationItem.swift in Sources */ = {isa = PBXBuildFile; fileRef = 54D2AB87215AC73300CCD0F1 /* SortingViewModelAnimationItem.swift */; };
		54D2AB8A215AC7F800CCD0F1 /* SortingViewModelButtonItem.swift in Sources */ = {isa = PBXBuildFile; fileRef = 54D2AB89215AC7F800CCD0F1 /* SortingViewModelButtonItem.swift */; };
		54D2AB8C215AC85B00CCD0F1 /* SortingViewModel.swift in Sources */ = {isa = PBXBuildFile; fileRef = 54D2AB8B215AC85B00CCD0F1 /* SortingViewModel.swift */; };
		54D2AB8E215BB0C200CCD0F1 /* SortingViewModelPerformanceItem.swift in Sources */ = {isa = PBXBuildFile; fileRef = 54D2AB8D215BB0C200CCD0F1 /* SortingViewModelPerformanceItem.swift */; };
		54D2AB92215BD93100CCD0F1 /* Observable.swift in Sources */ = {isa = PBXBuildFile; fileRef = 54D2AB91215BD93100CCD0F1 /* Observable.swift */; };
		54D2AB94215E206600CCD0F1 /* SortingViewModelSliderItem.swift in Sources */ = {isa = PBXBuildFile; fileRef = 54D2AB93215E206600CCD0F1 /* SortingViewModelSliderItem.swift */; };
		54E0DC3D2135EF88003CA9DA /* SwapAnimation.swift in Sources */ = {isa = PBXBuildFile; fileRef = 54E0DC3C2135EF88003CA9DA /* SwapAnimation.swift */; };
/* End PBXBuildFile section */

/* Begin PBXFileReference section */
		54031C08214175AA0069F996 /* SwapViewPresenter.swift */ = {isa = PBXFileReference; lastKnownFileType = sourcecode.swift; path = SwapViewPresenter.swift; sourceTree = "<group>"; };
		54031C0A214186660069F996 /* AnimationSpeedCell.xib */ = {isa = PBXFileReference; lastKnownFileType = file.xib; path = AnimationSpeedCell.xib; sourceTree = "<group>"; };
		54031C0D214187380069F996 /* AnimationSpeedCell.swift */ = {isa = PBXFileReference; lastKnownFileType = sourcecode.swift; path = AnimationSpeedCell.swift; sourceTree = "<group>"; };
		54031C0F21418DF40069F996 /* CompareAnimation.swift */ = {isa = PBXFileReference; lastKnownFileType = sourcecode.swift; path = CompareAnimation.swift; sourceTree = "<group>"; };
		541DEBE021527270009845A1 /* PickValueCell.swift */ = {isa = PBXFileReference; lastKnownFileType = sourcecode.swift; path = PickValueCell.swift; sourceTree = "<group>"; };
		541DEBE221527282009845A1 /* PickValueCell.xib */ = {isa = PBXFileReference; lastKnownFileType = file.xib; path = PickValueCell.xib; sourceTree = "<group>"; };
		541DEBE42153C90C009845A1 /* Complexity.swift */ = {isa = PBXFileReference; lastKnownFileType = sourcecode.swift; path = Complexity.swift; sourceTree = "<group>"; };
		541DEBE72153D1D4009845A1 /* Performance.swift */ = {isa = PBXFileReference; lastKnownFileType = sourcecode.swift; path = Performance.swift; sourceTree = "<group>"; };
		54609C12213320B8002489C0 /* SortingAlgorithms.app */ = {isa = PBXFileReference; explicitFileType = wrapper.application; includeInIndex = 0; path = SortingAlgorithms.app; sourceTree = BUILT_PRODUCTS_DIR; };
		54609C15213320B8002489C0 /* AppDelegate.swift */ = {isa = PBXFileReference; lastKnownFileType = sourcecode.swift; path = AppDelegate.swift; sourceTree = "<group>"; };
		54609C17213320B8002489C0 /* ViewController.swift */ = {isa = PBXFileReference; lastKnownFileType = sourcecode.swift; path = ViewController.swift; sourceTree = "<group>"; };
		54609C1A213320B8002489C0 /* Base */ = {isa = PBXFileReference; lastKnownFileType = file.storyboard; name = Base; path = Base.lproj/Main.storyboard; sourceTree = "<group>"; };
		54609C1C213320C1002489C0 /* Assets.xcassets */ = {isa = PBXFileReference; lastKnownFileType = folder.assetcatalog; path = Assets.xcassets; sourceTree = "<group>"; };
		54609C1F213320C1002489C0 /* Base */ = {isa = PBXFileReference; lastKnownFileType = file.storyboard; name = Base; path = Base.lproj/LaunchScreen.storyboard; sourceTree = "<group>"; };
		54609C21213320C1002489C0 /* Info.plist */ = {isa = PBXFileReference; lastKnownFileType = text.plist.xml; path = Info.plist; sourceTree = "<group>"; };
		548FFC0A2133330C00669920 /* SortingTypeCell.xib */ = {isa = PBXFileReference; lastKnownFileType = file.xib; path = SortingTypeCell.xib; sourceTree = "<group>"; };
		548FFC0C213333BD00669920 /* SortingTypeCell.swift */ = {isa = PBXFileReference; lastKnownFileType = sourcecode.swift; path = SortingTypeCell.swift; sourceTree = "<group>"; };
		548FFC0E21333C1200669920 /* SortingViewCell.xib */ = {isa = PBXFileReference; lastKnownFileType = file.xib; path = SortingViewCell.xib; sourceTree = "<group>"; };
		548FFC1021333CC100669920 /* SortingViewCell.swift */ = {isa = PBXFileReference; lastKnownFileType = sourcecode.swift; path = SortingViewCell.swift; sourceTree = "<group>"; };
		548FFC1221333DCB00669920 /* SortingTableViewController.swift */ = {isa = PBXFileReference; lastKnownFileType = sourcecode.swift; path = SortingTableViewController.swift; sourceTree = "<group>"; };
		548FFC1421347DA300669920 /* SortingView.swift */ = {isa = PBXFileReference; lastKnownFileType = sourcecode.swift; path = SortingView.swift; sourceTree = "<group>"; };
		548FFC162134A68900669920 /* SortingItem.swift */ = {isa = PBXFileReference; lastKnownFileType = sourcecode.swift; path = SortingItem.swift; sourceTree = "<group>"; };
		548FFC182134A7D100669920 /* Extensions.swift */ = {isa = PBXFileReference; lastKnownFileType = sourcecode.swift; path = Extensions.swift; sourceTree = "<group>"; };
		54C024C12149BDB900F60E37 /* SortingAlgorithm.swift */ = {isa = PBXFileReference; lastKnownFileType = sourcecode.swift; path = SortingAlgorithm.swift; sourceTree = "<group>"; };
		54C024C3214C1EA500F60E37 /* ComplexityDetailCell.swift */ = {isa = PBXFileReference; lastKnownFileType = sourcecode.swift; path = ComplexityDetailCell.swift; sourceTree = "<group>"; };
		54C024C5214C1EB900F60E37 /* ComplexityDetailCell.xib */ = {isa = PBXFileReference; lastKnownFileType = file.xib; path = ComplexityDetailCell.xib; sourceTree = "<group>"; };
		54C024C7214C4E4F00F60E37 /* ButtonCell.xib */ = {isa = PBXFileReference; lastKnownFileType = file.xib; path = ButtonCell.xib; sourceTree = "<group>"; };
		54C024C9214C4F2100F60E37 /* ButtonCell.swift */ = {isa = PBXFileReference; lastKnownFileType = sourcecode.swift; path = ButtonCell.swift; sourceTree = "<group>"; };
		54C024CB214C54FA00F60E37 /* DescriptionCell.swift */ = {isa = PBXFileReference; lastKnownFileType = sourcecode.swift; path = DescriptionCell.swift; sourceTree = "<group>"; };
		54C024CD214C550900F60E37 /* DescriptionCell.xib */ = {isa = PBXFileReference; lastKnownFileType = file.xib; path = DescriptionCell.xib; sourceTree = "<group>"; };
		54C024CF214C57D700F60E37 /* SettingsTableViewController.swift */ = {isa = PBXFileReference; lastKnownFileType = sourcecode.swift; path = SettingsTableViewController.swift; sourceTree = "<group>"; };
		54D0959A213329A400E02478 /* SortingTilesViewController.swift */ = {isa = PBXFileReference; lastKnownFileType = sourcecode.swift; path = SortingTilesViewController.swift; sourceTree = "<group>"; };
		54D2AB84215AC61600CCD0F1 /* SortingViewModelItem.swift */ = {isa = PBXFileReference; lastKnownFileType = sourcecode.swift; path = SortingViewModelItem.swift; sourceTree = "<group>"; };
		54D2AB87215AC73300CCD0F1 /* SortingViewModelAnimationItem.swift */ = {isa = PBXFileReference; lastKnownFileType = sourcecode.swift; path = SortingViewModelAnimationItem.swift; sourceTree = "<group>"; };
		54D2AB89215AC7F800CCD0F1 /* SortingViewModelButtonItem.swift */ = {isa = PBXFileReference; lastKnownFileType = sourcecode.swift; path = SortingViewModelButtonItem.swift; sourceTree = "<group>"; };
		54D2AB8B215AC85B00CCD0F1 /* SortingViewModel.swift */ = {isa = PBXFileReference; lastKnownFileType = sourcecode.swift; path = SortingViewModel.swift; sourceTree = "<group>"; };
		54D2AB8D215BB0C200CCD0F1 /* SortingViewModelPerformanceItem.swift */ = {isa = PBXFileReference; lastKnownFileType = sourcecode.swift; path = SortingViewModelPerformanceItem.swift; sourceTree = "<group>"; };
		54D2AB91215BD93100CCD0F1 /* Observable.swift */ = {isa = PBXFileReference; lastKnownFileType = sourcecode.swift; path = Observable.swift; sourceTree = "<group>"; };
		54D2AB93215E206600CCD0F1 /* SortingViewModelSliderItem.swift */ = {isa = PBXFileReference; lastKnownFileType = sourcecode.swift; path = SortingViewModelSliderItem.swift; sourceTree = "<group>"; };
		54E0DC3C2135EF88003CA9DA /* SwapAnimation.swift */ = {isa = PBXFileReference; lastKnownFileType = sourcecode.swift; path = SwapAnimation.swift; sourceTree = "<group>"; };
/* End PBXFileReference section */

/* Begin PBXFrameworksBuildPhase section */
		54609C0F213320B8002489C0 /* Frameworks */ = {
			isa = PBXFrameworksBuildPhase;
			buildActionMask = 2147483647;
			files = (
			);
			runOnlyForDeploymentPostprocessing = 0;
		};
/* End PBXFrameworksBuildPhase section */

/* Begin PBXGroup section */
		54031C0C214186CB0069F996 /* Cells */ = {
			isa = PBXGroup;
			children = (
				541DEBE221527282009845A1 /* PickValueCell.xib */,
				541DEBE021527270009845A1 /* PickValueCell.swift */,
				54C024CD214C550900F60E37 /* DescriptionCell.xib */,
				54C024CB214C54FA00F60E37 /* DescriptionCell.swift */,
				54C024C7214C4E4F00F60E37 /* ButtonCell.xib */,
				54C024C9214C4F2100F60E37 /* ButtonCell.swift */,
				54C024C5214C1EB900F60E37 /* ComplexityDetailCell.xib */,
				54C024C3214C1EA500F60E37 /* ComplexityDetailCell.swift */,
				548FFC0E21333C1200669920 /* SortingViewCell.xib */,
				548FFC1021333CC100669920 /* SortingViewCell.swift */,
				54031C0A214186660069F996 /* AnimationSpeedCell.xib */,
				54031C0D214187380069F996 /* AnimationSpeedCell.swift */,
				548FFC0A2133330C00669920 /* SortingTypeCell.xib */,
				548FFC0C213333BD00669920 /* SortingTypeCell.swift */,
			);
			path = Cells;
			sourceTree = "<group>";
		};
		541DEBE62153C910009845A1 /* Model */ = {
			isa = PBXGroup;
			children = (
				541DEBE42153C90C009845A1 /* Complexity.swift */,
				541DEBE72153D1D4009845A1 /* Performance.swift */,
			);
			path = Model;
			sourceTree = "<group>";
		};
		54609C09213320B8002489C0 = {
			isa = PBXGroup;
			children = (
				54609C14213320B8002489C0 /* SortingAlgorithms */,
				54609C13213320B8002489C0 /* Products */,
			);
			sourceTree = "<group>";
		};
		54609C13213320B8002489C0 /* Products */ = {
			isa = PBXGroup;
			children = (
				54609C12213320B8002489C0 /* SortingAlgorithms.app */,
			);
			name = Products;
			sourceTree = "<group>";
		};
		54609C14213320B8002489C0 /* SortingAlgorithms */ = {
			isa = PBXGroup;
			children = (
				548FFC182134A7D100669920 /* Extensions.swift */,
				54D2AB91215BD93100CCD0F1 /* Observable.swift */,
				54609C15213320B8002489C0 /* AppDelegate.swift */,
				54609C17213320B8002489C0 /* ViewController.swift */,
				548FFC1221333DCB00669920 /* SortingTableViewController.swift */,
				54D0959A213329A400E02478 /* SortingTilesViewController.swift */,
				54C024CF214C57D700F60E37 /* SettingsTableViewController.swift */,
				54031C08214175AA0069F996 /* SwapViewPresenter.swift */,
				54609C19213320B8002489C0 /* Main.storyboard */,
				54D2AB86215AC70800CCD0F1 /* ViewModel */,
				54031C0C214186CB0069F996 /* Cells */,
				548FFC1421347DA300669920 /* SortingView.swift */,
				541DEBE62153C910009845A1 /* Model */,
				54C024C12149BDB900F60E37 /* SortingAlgorithm.swift */,
				54E0DC3C2135EF88003CA9DA /* SwapAnimation.swift */,
				54031C0F21418DF40069F996 /* CompareAnimation.swift */,
				548FFC162134A68900669920 /* SortingItem.swift */,
				54609C1C213320C1002489C0 /* Assets.xcassets */,
				54609C1E213320C1002489C0 /* LaunchScreen.storyboard */,
				54609C21213320C1002489C0 /* Info.plist */,
			);
			path = SortingAlgorithms;
			sourceTree = "<group>";
		};
		54D2AB86215AC70800CCD0F1 /* ViewModel */ = {
			isa = PBXGroup;
			children = (
				54D2AB84215AC61600CCD0F1 /* SortingViewModelItem.swift */,
				54D2AB87215AC73300CCD0F1 /* SortingViewModelAnimationItem.swift */,
				54D2AB89215AC7F800CCD0F1 /* SortingViewModelButtonItem.swift */,
				54D2AB8D215BB0C200CCD0F1 /* SortingViewModelPerformanceItem.swift */,
				54D2AB93215E206600CCD0F1 /* SortingViewModelSliderItem.swift */,
				54D2AB8B215AC85B00CCD0F1 /* SortingViewModel.swift */,
			);
			path = ViewModel;
			sourceTree = "<group>";
		};
/* End PBXGroup section */

/* Begin PBXNativeTarget section */
		54609C11213320B8002489C0 /* SortingAlgorithms */ = {
			isa = PBXNativeTarget;
			buildConfigurationList = 54609C24213320C1002489C0 /* Build configuration list for PBXNativeTarget "SortingAlgorithms" */;
			buildPhases = (
				54609C0E213320B8002489C0 /* Sources */,
				54609C0F213320B8002489C0 /* Frameworks */,
				54609C10213320B8002489C0 /* Resources */,
			);
			buildRules = (
			);
			dependencies = (
			);
			name = SortingAlgorithms;
			productName = SortingAlgorithms;
			productReference = 54609C12213320B8002489C0 /* SortingAlgorithms.app */;
			productType = "com.apple.product-type.application";
		};
/* End PBXNativeTarget section */

/* Begin PBXProject section */
		54609C0A213320B8002489C0 /* Project object */ = {
			isa = PBXProject;
			attributes = {
				LastSwiftUpdateCheck = 0940;
				LastUpgradeCheck = 0940;
				ORGANIZATIONNAME = "Maciej Kowalski";
				TargetAttributes = {
					54609C11213320B8002489C0 = {
						CreatedOnToolsVersion = 9.4;
					};
				};
			};
			buildConfigurationList = 54609C0D213320B8002489C0 /* Build configuration list for PBXProject "SortingAlgorithms" */;
			compatibilityVersion = "Xcode 9.3";
			developmentRegion = en;
			hasScannedForEncodings = 0;
			knownRegions = (
				en,
				Base,
			);
			mainGroup = 54609C09213320B8002489C0;
			productRefGroup = 54609C13213320B8002489C0 /* Products */;
			projectDirPath = "";
			projectRoot = "";
			targets = (
				54609C11213320B8002489C0 /* SortingAlgorithms */,
			);
		};
/* End PBXProject section */

/* Begin PBXResourcesBuildPhase section */
		54609C10213320B8002489C0 /* Resources */ = {
			isa = PBXResourcesBuildPhase;
			buildActionMask = 2147483647;
			files = (
				54C024C6214C1EB900F60E37 /* ComplexityDetailCell.xib in Resources */,
				548FFC0B2133330C00669920 /* SortingTypeCell.xib in Resources */,
				541DEBE321527282009845A1 /* PickValueCell.xib in Resources */,
				548FFC0F21333C1200669920 /* SortingViewCell.xib in Resources */,
				54C024C8214C4E4F00F60E37 /* ButtonCell.xib in Resources */,
				54C024CE214C550900F60E37 /* DescriptionCell.xib in Resources */,
				54031C0B214186660069F996 /* AnimationSpeedCell.xib in Resources */,
				54609C20213320C1002489C0 /* LaunchScreen.storyboard in Resources */,
				54609C1D213320C1002489C0 /* Assets.xcassets in Resources */,
				54609C1B213320B8002489C0 /* Main.storyboard in Resources */,
			);
			runOnlyForDeploymentPostprocessing = 0;
		};
/* End PBXResourcesBuildPhase section */

/* Begin PBXSourcesBuildPhase section */
		54609C0E213320B8002489C0 /* Sources */ = {
			isa = PBXSourcesBuildPhase;
			buildActionMask = 2147483647;
			files = (
				54D2AB8A215AC7F800CCD0F1 /* SortingViewModelButtonItem.swift in Sources */,
				54031C1021418DF40069F996 /* CompareAnimation.swift in Sources */,
				541DEBE121527270009845A1 /* PickValueCell.swift in Sources */,
				54D2AB85215AC61600CCD0F1 /* SortingViewModelItem.swift in Sources */,
				54031C09214175AA0069F996 /* SwapViewPresenter.swift in Sources */,
				54C024CC214C54FA00F60E37 /* DescriptionCell.swift in Sources */,
				54D2AB94215E206600CCD0F1 /* SortingViewModelSliderItem.swift in Sources */,
				54D2AB88215AC73300CCD0F1 /* SortingViewModelAnimationItem.swift in Sources */,
				548FFC0D213333BD00669920 /* SortingTypeCell.swift in Sources */,
				548FFC192134A7D100669920 /* Extensions.swift in Sources */,
				548FFC172134A68900669920 /* SortingItem.swift in Sources */,
				54031C0E214187380069F996 /* AnimationSpeedCell.swift in Sources */,
				54C024C4214C1EA500F60E37 /* ComplexityDetailCell.swift in Sources */,
				541DEBE82153D1D4009845A1 /* Performance.swift in Sources */,
				54D2AB92215BD93100CCD0F1 /* Observable.swift in Sources */,
				54D2AB8C215AC85B00CCD0F1 /* SortingViewModel.swift in Sources */,
				54C024D0214C57D700F60E37 /* SettingsTableViewController.swift in Sources */,
				54C024CA214C4F2100F60E37 /* ButtonCell.swift in Sources */,
				54C024C22149BDB900F60E37 /* SortingAlgorithm.swift in Sources */,
				54D2AB8E215BB0C200CCD0F1 /* SortingViewModelPerformanceItem.swift in Sources */,
				548FFC1521347DA300669920 /* SortingView.swift in Sources */,
				54D0959B213329A400E02478 /* SortingTilesViewController.swift in Sources */,
				54E0DC3D2135EF88003CA9DA /* SwapAnimation.swift in Sources */,
				548FFC1121333CC100669920 /* SortingViewCell.swift in Sources */,
				54609C18213320B8002489C0 /* ViewController.swift in Sources */,
				541DEBE52153C90C009845A1 /* Complexity.swift in Sources */,
				54609C16213320B8002489C0 /* AppDelegate.swift in Sources */,
				548FFC1321333DCB00669920 /* SortingTableViewController.swift in Sources */,
			);
			runOnlyForDeploymentPostprocessing = 0;
		};
/* End PBXSourcesBuildPhase section */

/* Begin PBXVariantGroup section */
		54609C19213320B8002489C0 /* Main.storyboard */ = {
			isa = PBXVariantGroup;
			children = (
				54609C1A213320B8002489C0 /* Base */,
			);
			name = Main.storyboard;
			sourceTree = "<group>";
		};
		54609C1E213320C1002489C0 /* LaunchScreen.storyboard */ = {
			isa = PBXVariantGroup;
			children = (
				54609C1F213320C1002489C0 /* Base */,
			);
			name = LaunchScreen.storyboard;
			sourceTree = "<group>";
		};
/* End PBXVariantGroup section */

/* Begin XCBuildConfiguration section */
		54609C22213320C1002489C0 /* Debug */ = {
			isa = XCBuildConfiguration;
			buildSettings = {
				ALWAYS_SEARCH_USER_PATHS = NO;
				CLANG_ANALYZER_NONNULL = YES;
				CLANG_ANALYZER_NUMBER_OBJECT_CONVERSION = YES_AGGRESSIVE;
				CLANG_CXX_LANGUAGE_STANDARD = "gnu++14";
				CLANG_CXX_LIBRARY = "libc++";
				CLANG_ENABLE_MODULES = YES;
				CLANG_ENABLE_OBJC_ARC = YES;
				CLANG_ENABLE_OBJC_WEAK = YES;
				CLANG_WARN_BLOCK_CAPTURE_AUTORELEASING = YES;
				CLANG_WARN_BOOL_CONVERSION = YES;
				CLANG_WARN_COMMA = YES;
				CLANG_WARN_CONSTANT_CONVERSION = YES;
				CLANG_WARN_DEPRECATED_OBJC_IMPLEMENTATIONS = YES;
				CLANG_WARN_DIRECT_OBJC_ISA_USAGE = YES_ERROR;
				CLANG_WARN_DOCUMENTATION_COMMENTS = YES;
				CLANG_WARN_EMPTY_BODY = YES;
				CLANG_WARN_ENUM_CONVERSION = YES;
				CLANG_WARN_INFINITE_RECURSION = YES;
				CLANG_WARN_INT_CONVERSION = YES;
				CLANG_WARN_NON_LITERAL_NULL_CONVERSION = YES;
				CLANG_WARN_OBJC_IMPLICIT_RETAIN_SELF = YES;
				CLANG_WARN_OBJC_LITERAL_CONVERSION = YES;
				CLANG_WARN_OBJC_ROOT_CLASS = YES_ERROR;
				CLANG_WARN_RANGE_LOOP_ANALYSIS = YES;
				CLANG_WARN_STRICT_PROTOTYPES = YES;
				CLANG_WARN_SUSPICIOUS_MOVE = YES;
				CLANG_WARN_UNGUARDED_AVAILABILITY = YES_AGGRESSIVE;
				CLANG_WARN_UNREACHABLE_CODE = YES;
				CLANG_WARN__DUPLICATE_METHOD_MATCH = YES;
				CODE_SIGN_IDENTITY = "iPhone Developer";
				COPY_PHASE_STRIP = NO;
				DEBUG_INFORMATION_FORMAT = dwarf;
				ENABLE_STRICT_OBJC_MSGSEND = YES;
				ENABLE_TESTABILITY = YES;
				GCC_C_LANGUAGE_STANDARD = gnu11;
				GCC_DYNAMIC_NO_PIC = NO;
				GCC_NO_COMMON_BLOCKS = YES;
				GCC_OPTIMIZATION_LEVEL = 0;
				GCC_PREPROCESSOR_DEFINITIONS = (
					"DEBUG=1",
					"$(inherited)",
				);
				GCC_WARN_64_TO_32_BIT_CONVERSION = YES;
				GCC_WARN_ABOUT_RETURN_TYPE = YES_ERROR;
				GCC_WARN_UNDECLARED_SELECTOR = YES;
				GCC_WARN_UNINITIALIZED_AUTOS = YES_AGGRESSIVE;
				GCC_WARN_UNUSED_FUNCTION = YES;
				GCC_WARN_UNUSED_VARIABLE = YES;
				IPHONEOS_DEPLOYMENT_TARGET = 11.4;
				MTL_ENABLE_DEBUG_INFO = YES;
				ONLY_ACTIVE_ARCH = YES;
				SDKROOT = iphoneos;
				SWIFT_ACTIVE_COMPILATION_CONDITIONS = DEBUG;
				SWIFT_OPTIMIZATION_LEVEL = "-Onone";
			};
			name = Debug;
		};
		54609C23213320C1002489C0 /* Release */ = {
			isa = XCBuildConfiguration;
			buildSettings = {
				ALWAYS_SEARCH_USER_PATHS = NO;
				CLANG_ANALYZER_NONNULL = YES;
				CLANG_ANALYZER_NUMBER_OBJECT_CONVERSION = YES_AGGRESSIVE;
				CLANG_CXX_LANGUAGE_STANDARD = "gnu++14";
				CLANG_CXX_LIBRARY = "libc++";
				CLANG_ENABLE_MODULES = YES;
				CLANG_ENABLE_OBJC_ARC = YES;
				CLANG_ENABLE_OBJC_WEAK = YES;
				CLANG_WARN_BLOCK_CAPTURE_AUTORELEASING = YES;
				CLANG_WARN_BOOL_CONVERSION = YES;
				CLANG_WARN_COMMA = YES;
				CLANG_WARN_CONSTANT_CONVERSION = YES;
				CLANG_WARN_DEPRECATED_OBJC_IMPLEMENTATIONS = YES;
				CLANG_WARN_DIRECT_OBJC_ISA_USAGE = YES_ERROR;
				CLANG_WARN_DOCUMENTATION_COMMENTS = YES;
				CLANG_WARN_EMPTY_BODY = YES;
				CLANG_WARN_ENUM_CONVERSION = YES;
				CLANG_WARN_INFINITE_RECURSION = YES;
				CLANG_WARN_INT_CONVERSION = YES;
				CLANG_WARN_NON_LITERAL_NULL_CONVERSION = YES;
				CLANG_WARN_OBJC_IMPLICIT_RETAIN_SELF = YES;
				CLANG_WARN_OBJC_LITERAL_CONVERSION = YES;
				CLANG_WARN_OBJC_ROOT_CLASS = YES_ERROR;
				CLANG_WARN_RANGE_LOOP_ANALYSIS = YES;
				CLANG_WARN_STRICT_PROTOTYPES = YES;
				CLANG_WARN_SUSPICIOUS_MOVE = YES;
				CLANG_WARN_UNGUARDED_AVAILABILITY = YES_AGGRESSIVE;
				CLANG_WARN_UNREACHABLE_CODE = YES;
				CLANG_WARN__DUPLICATE_METHOD_MATCH = YES;
				CODE_SIGN_IDENTITY = "iPhone Developer";
				COPY_PHASE_STRIP = NO;
				DEBUG_INFORMATION_FORMAT = "dwarf-with-dsym";
				ENABLE_NS_ASSERTIONS = NO;
				ENABLE_STRICT_OBJC_MSGSEND = YES;
				GCC_C_LANGUAGE_STANDARD = gnu11;
				GCC_NO_COMMON_BLOCKS = YES;
				GCC_WARN_64_TO_32_BIT_CONVERSION = YES;
				GCC_WARN_ABOUT_RETURN_TYPE = YES_ERROR;
				GCC_WARN_UNDECLARED_SELECTOR = YES;
				GCC_WARN_UNINITIALIZED_AUTOS = YES_AGGRESSIVE;
				GCC_WARN_UNUSED_FUNCTION = YES;
				GCC_WARN_UNUSED_VARIABLE = YES;
				IPHONEOS_DEPLOYMENT_TARGET = 11.4;
				MTL_ENABLE_DEBUG_INFO = NO;
				SDKROOT = iphoneos;
				SWIFT_COMPILATION_MODE = wholemodule;
				SWIFT_OPTIMIZATION_LEVEL = "-O";
				VALIDATE_PRODUCT = YES;
			};
			name = Release;
		};
		54609C25213320C1002489C0 /* Debug */ = {
			isa = XCBuildConfiguration;
			buildSettings = {
				ASSETCATALOG_COMPILER_APPICON_NAME = AppIcon;
				CODE_SIGN_STYLE = Automatic;
				DEVELOPMENT_TEAM = PZQNNP7TD4;
				INFOPLIST_FILE = SortingAlgorithms/Info.plist;
				LD_RUNPATH_SEARCH_PATHS = (
					"$(inherited)",
					"@executable_path/Frameworks",
				);
				PRODUCT_BUNDLE_IDENTIFIER = com.maciejkowalski.SortingAlgorithms;
				PRODUCT_NAME = "$(TARGET_NAME)";
				SWIFT_VERSION = 4.0;
				TARGETED_DEVICE_FAMILY = "1,2";
			};
			name = Debug;
		};
		54609C26213320C1002489C0 /* Release */ = {
			isa = XCBuildConfiguration;
			buildSettings = {
				ASSETCATALOG_COMPILER_APPICON_NAME = AppIcon;
				CODE_SIGN_STYLE = Automatic;
				DEVELOPMENT_TEAM = PZQNNP7TD4;
				INFOPLIST_FILE = SortingAlgorithms/Info.plist;
				LD_RUNPATH_SEARCH_PATHS = (
					"$(inherited)",
					"@executable_path/Frameworks",
				);
				PRODUCT_BUNDLE_IDENTIFIER = com.maciejkowalski.SortingAlgorithms;
				PRODUCT_NAME = "$(TARGET_NAME)";
				SWIFT_VERSION = 4.0;
				TARGETED_DEVICE_FAMILY = "1,2";
			};
			name = Release;
		};
/* End XCBuildConfiguration section */

/* Begin XCConfigurationList section */
		54609C0D213320B8002489C0 /* Build configuration list for PBXProject "SortingAlgorithms" */ = {
			isa = XCConfigurationList;
			buildConfigurations = (
				54609C22213320C1002489C0 /* Debug */,
				54609C23213320C1002489C0 /* Release */,
			);
			defaultConfigurationIsVisible = 0;
			defaultConfigurationName = Release;
		};
		54609C24213320C1002489C0 /* Build configuration list for PBXNativeTarget "SortingAlgorithms" */ = {
			isa = XCConfigurationList;
			buildConfigurations = (
				54609C25213320C1002489C0 /* Debug */,
				54609C26213320C1002489C0 /* Release */,
			);
			defaultConfigurationIsVisible = 0;
			defaultConfigurationName = Release;
		};
/* End XCConfigurationList section */
	};
	rootObject = 54609C0A213320B8002489C0 /* Project object */;
}
